// !$*UTF8*$!
{
	archiveVersion = 1;
	classes = {
	};
	objectVersion = 46;
	objects = {

/* Begin PBXBuildFile section */
		C633952A1D14795600CBB862 /* CocoaSkeletonCore.framework in Frameworks */ = {isa = PBXBuildFile; fileRef = C63395291D14794600CBB862 /* CocoaSkeletonCore.framework */; };
		C633952B1D14795600CBB862 /* CocoaSkeletonCore.framework in Embed Frameworks */ = {isa = PBXBuildFile; fileRef = C63395291D14794600CBB862 /* CocoaSkeletonCore.framework */; settings = {ATTRIBUTES = (CodeSignOnCopy, RemoveHeadersOnCopy, ); }; };
		C6E1D8F01D0FA80D007B7630 /* AppDelegate.swift in Sources */ = {isa = PBXBuildFile; fileRef = C6E1D8EF1D0FA80D007B7630 /* AppDelegate.swift */; };
		C6E1D8F21D0FA80E007B7630 /* ViewController.swift in Sources */ = {isa = PBXBuildFile; fileRef = C6E1D8F11D0FA80D007B7630 /* ViewController.swift */; };
		C6E1D8F41D0FA80E007B7630 /* Assets.xcassets in Resources */ = {isa = PBXBuildFile; fileRef = C6E1D8F31D0FA80E007B7630 /* Assets.xcassets */; };
		C6E1D8F71D0FA80E007B7630 /* Main.storyboard in Resources */ = {isa = PBXBuildFile; fileRef = C6E1D8F51D0FA80E007B7630 /* Main.storyboard */; };
/* End PBXBuildFile section */

/* Begin PBXContainerItemProxy section */
		C63395261D14794600CBB862 /* PBXContainerItemProxy */ = {
			isa = PBXContainerItemProxy;
			containerPortal = C63395201D14794600CBB862 /* CocoaSkeletonCore.xcodeproj */;
			proxyType = 2;
			remoteGlobalIDString = C6E1D7531D0F98B5007B7630;
			remoteInfo = "CocoaSkeletonCore-iOS";
		};
		C63395281D14794600CBB862 /* PBXContainerItemProxy */ = {
			isa = PBXContainerItemProxy;
			containerPortal = C63395201D14794600CBB862 /* CocoaSkeletonCore.xcodeproj */;
			proxyType = 2;
			remoteGlobalIDString = C6E1D7601D0F98C3007B7630;
			remoteInfo = "CocoaSkeletonCore-macOS";
		};
		C633952C1D14795600CBB862 /* PBXContainerItemProxy */ = {
			isa = PBXContainerItemProxy;
			containerPortal = C63395201D14794600CBB862 /* CocoaSkeletonCore.xcodeproj */;
			proxyType = 1;
			remoteGlobalIDString = C6E1D75F1D0F98C3007B7630;
			remoteInfo = "CocoaSkeletonCore-macOS";
		};
/* End PBXContainerItemProxy section */

/* Begin PBXCopyFilesBuildPhase section */
		C6E1D90C1D0FA84A007B7630 /* Embed Frameworks */ = {
			isa = PBXCopyFilesBuildPhase;
			buildActionMask = 2147483647;
			dstPath = "";
			dstSubfolderSpec = 10;
			files = (
				C633952B1D14795600CBB862 /* CocoaSkeletonCore.framework in Embed Frameworks */,
			);
			name = "Embed Frameworks";
			runOnlyForDeploymentPostprocessing = 0;
		};
/* End PBXCopyFilesBuildPhase section */

/* Begin PBXFileReference section */
		C63395201D14794600CBB862 /* CocoaSkeletonCore.xcodeproj */ = {isa = PBXFileReference; lastKnownFileType = "wrapper.pb-project"; name = CocoaSkeletonCore.xcodeproj; path = External/CocoaSkeletonCore/CocoaSkeletonCore.xcodeproj; sourceTree = "<group>"; };
		C6E1D8EC1D0FA80D007B7630 /* CocoaSkeleton.app */ = {isa = PBXFileReference; explicitFileType = wrapper.application; includeInIndex = 0; path = CocoaSkeleton.app; sourceTree = BUILT_PRODUCTS_DIR; };
		C6E1D8EF1D0FA80D007B7630 /* AppDelegate.swift */ = {isa = PBXFileReference; lastKnownFileType = sourcecode.swift; path = AppDelegate.swift; sourceTree = "<group>"; };
		C6E1D8F11D0FA80D007B7630 /* ViewController.swift */ = {isa = PBXFileReference; lastKnownFileType = sourcecode.swift; path = ViewController.swift; sourceTree = "<group>"; };
		C6E1D8F31D0FA80E007B7630 /* Assets.xcassets */ = {isa = PBXFileReference; lastKnownFileType = folder.assetcatalog; path = Assets.xcassets; sourceTree = "<group>"; };
		C6E1D8F61D0FA80E007B7630 /* Base */ = {isa = PBXFileReference; lastKnownFileType = file.storyboard; name = Base; path = Base.lproj/Main.storyboard; sourceTree = "<group>"; };
		C6E1D8F81D0FA80E007B7630 /* Info.plist */ = {isa = PBXFileReference; lastKnownFileType = text.plist.xml; path = Info.plist; sourceTree = "<group>"; };
/* End PBXFileReference section */

/* Begin PBXFrameworksBuildPhase section */
		C6E1D8E91D0FA80D007B7630 /* Frameworks */ = {
			isa = PBXFrameworksBuildPhase;
			buildActionMask = 2147483647;
			files = (
				C633952A1D14795600CBB862 /* CocoaSkeletonCore.framework in Frameworks */,
			);
			runOnlyForDeploymentPostprocessing = 0;
		};
/* End PBXFrameworksBuildPhase section */

/* Begin PBXGroup section */
		C63395211D14794600CBB862 /* Products */ = {
			isa = PBXGroup;
			children = (
				C63395271D14794600CBB862 /* CocoaSkeletonCore.framework */,
				C63395291D14794600CBB862 /* CocoaSkeletonCore.framework */,
			);
			name = Products;
			sourceTree = "<group>";
		};
		C6E1D8E31D0FA80D007B7630 = {
			isa = PBXGroup;
			children = (
				C63395201D14794600CBB862 /* CocoaSkeletonCore.xcodeproj */,
				C6E1D8EE1D0FA80D007B7630 /* CocoaSkeleton */,
				C6E1D8ED1D0FA80D007B7630 /* Products */,
			);
			sourceTree = "<group>";
		};
		C6E1D8ED1D0FA80D007B7630 /* Products */ = {
			isa = PBXGroup;
			children = (
				C6E1D8EC1D0FA80D007B7630 /* CocoaSkeleton.app */,
			);
			name = Products;
			sourceTree = "<group>";
		};
		C6E1D8EE1D0FA80D007B7630 /* CocoaSkeleton */ = {
			isa = PBXGroup;
			children = (
				C6E1D8EF1D0FA80D007B7630 /* AppDelegate.swift */,
				C6E1D8F11D0FA80D007B7630 /* ViewController.swift */,
				C6E1D8F31D0FA80E007B7630 /* Assets.xcassets */,
				C6E1D8F51D0FA80E007B7630 /* Main.storyboard */,
				C6E1D8F81D0FA80E007B7630 /* Info.plist */,
			);
			path = CocoaSkeleton;
			sourceTree = "<group>";
		};
/* End PBXGroup section */

/* Begin PBXNativeTarget section */
		C6E1D8EB1D0FA80D007B7630 /* CocoaSkeleton */ = {
			isa = PBXNativeTarget;
			buildConfigurationList = C6E1D8FB1D0FA80E007B7630 /* Build configuration list for PBXNativeTarget "CocoaSkeleton" */;
			buildPhases = (
				C6E1D8E81D0FA80D007B7630 /* Sources */,
				C6E1D8E91D0FA80D007B7630 /* Frameworks */,
				C6E1D8EA1D0FA80D007B7630 /* Resources */,
				C6E1D90C1D0FA84A007B7630 /* Embed Frameworks */,
			);
			buildRules = (
			);
			dependencies = (
				C633952D1D14795600CBB862 /* PBXTargetDependency */,
			);
			name = CocoaSkeleton;
			productName = CocoaSkeleton;
			productReference = C6E1D8EC1D0FA80D007B7630 /* CocoaSkeleton.app */;
			productType = "com.apple.product-type.application";
		};
/* End PBXNativeTarget section */

/* Begin PBXProject section */
		C6E1D8E41D0FA80D007B7630 /* Project object */ = {
			isa = PBXProject;
			attributes = {
				LastSwiftUpdateCheck = 0730;
				LastUpgradeCheck = 0730;
				ORGANIZATIONNAME = "Adam Kornafeld";
				TargetAttributes = {
					C6E1D8EB1D0FA80D007B7630 = {
						CreatedOnToolsVersion = 7.3.1;
					};
				};
			};
			buildConfigurationList = C6E1D8E71D0FA80D007B7630 /* Build configuration list for PBXProject "CocoaSkeleton" */;
			compatibilityVersion = "Xcode 3.2";
			developmentRegion = English;
			hasScannedForEncodings = 0;
			knownRegions = (
				en,
				Base,
			);
			mainGroup = C6E1D8E31D0FA80D007B7630;
			productRefGroup = C6E1D8ED1D0FA80D007B7630 /* Products */;
			projectDirPath = "";
			projectReferences = (
				{
					ProductGroup = C63395211D14794600CBB862 /* Products */;
					ProjectRef = C63395201D14794600CBB862 /* CocoaSkeletonCore.xcodeproj */;
				},
			);
			projectRoot = "";
			targets = (
				C6E1D8EB1D0FA80D007B7630 /* CocoaSkeleton */,
			);
		};
/* End PBXProject section */

/* Begin PBXReferenceProxy section */
		C63395271D14794600CBB862 /* CocoaSkeletonCore.framework */ = {
			isa = PBXReferenceProxy;
			fileType = wrapper.framework;
			path = CocoaSkeletonCore.framework;
			remoteRef = C63395261D14794600CBB862 /* PBXContainerItemProxy */;
			sourceTree = BUILT_PRODUCTS_DIR;
		};
		C63395291D14794600CBB862 /* CocoaSkeletonCore.framework */ = {
			isa = PBXReferenceProxy;
			fileType = wrapper.framework;
			path = CocoaSkeletonCore.framework;
			remoteRef = C63395281D14794600CBB862 /* PBXContainerItemProxy */;
			sourceTree = BUILT_PRODUCTS_DIR;
		};
/* End PBXReferenceProxy section */

/* Begin PBXResourcesBuildPhase section */
		C6E1D8EA1D0FA80D007B7630 /* Resources */ = {
			isa = PBXResourcesBuildPhase;
			buildActionMask = 2147483647;
			files = (
				C6E1D8F41D0FA80E007B7630 /* Assets.xcassets in Resources */,
				C6E1D8F71D0FA80E007B7630 /* Main.storyboard in Resources */,
			);
			runOnlyForDeploymentPostprocessing = 0;
		};
/* End PBXResourcesBuildPhase section */

/* Begin PBXSourcesBuildPhase section */
		C6E1D8E81D0FA80D007B7630 /* Sources */ = {
			isa = PBXSourcesBuildPhase;
			buildActionMask = 2147483647;
			files = (
				C6E1D8F21D0FA80E007B7630 /* ViewController.swift in Sources */,
				C6E1D8F01D0FA80D007B7630 /* AppDelegate.swift in Sources */,
			);
			runOnlyForDeploymentPostprocessing = 0;
		};
/* End PBXSourcesBuildPhase section */

/* Begin PBXTargetDependency section */
		C633952D1D14795600CBB862 /* PBXTargetDependency */ = {
			isa = PBXTargetDependency;
			name = "CocoaSkeletonCore-macOS";
			targetProxy = C633952C1D14795600CBB862 /* PBXContainerItemProxy */;
		};
/* End PBXTargetDependency section */

/* Begin PBXVariantGroup section */
		C6E1D8F51D0FA80E007B7630 /* Main.storyboard */ = {
			isa = PBXVariantGroup;
			children = (
				C6E1D8F61D0FA80E007B7630 /* Base */,
			);
			name = Main.storyboard;
			sourceTree = "<group>";
		};
/* End PBXVariantGroup section */

/* Begin XCBuildConfiguration section */
		C6E1D8F91D0FA80E007B7630 /* Debug */ = {
			isa = XCBuildConfiguration;
			buildSettings = {
				ALWAYS_SEARCH_USER_PATHS = NO;
				CLANG_ANALYZER_NONNULL = YES;
				CLANG_CXX_LANGUAGE_STANDARD = "gnu++0x";
				CLANG_CXX_LIBRARY = "libc++";
				CLANG_ENABLE_MODULES = YES;
				CLANG_ENABLE_OBJC_ARC = YES;
				CLANG_WARN_BOOL_CONVERSION = YES;
				CLANG_WARN_CONSTANT_CONVERSION = YES;
				CLANG_WARN_DIRECT_OBJC_ISA_USAGE = YES_ERROR;
				CLANG_WARN_EMPTY_BODY = YES;
				CLANG_WARN_ENUM_CONVERSION = YES;
				CLANG_WARN_INT_CONVERSION = YES;
				CLANG_WARN_OBJC_ROOT_CLASS = YES_ERROR;
				CLANG_WARN_UNREACHABLE_CODE = YES;
				CLANG_WARN__DUPLICATE_METHOD_MATCH = YES;
				CODE_SIGN_IDENTITY = "-";
				COPY_PHASE_STRIP = NO;
				DEBUG_INFORMATION_FORMAT = dwarf;
				ENABLE_STRICT_OBJC_MSGSEND = YES;
				ENABLE_TESTABILITY = YES;
				GCC_C_LANGUAGE_STANDARD = gnu99;
				GCC_DYNAMIC_NO_PIC = NO;
				GCC_NO_COMMON_BLOCKS = YES;
				GCC_OPTIMIZATION_LEVEL = 0;
				GCC_PREPROCESSOR_DEFINITIONS = (
					"DEBUG=1",
					"$(inherited)",
				);
				GCC_WARN_64_TO_32_BIT_CONVERSION = YES;
				GCC_WARN_ABOUT_RETURN_TYPE = YES_ERROR;
				GCC_WARN_UNDECLARED_SELECTOR = YES;
				GCC_WARN_UNINITIALIZED_AUTOS = YES_AGGRESSIVE;
				GCC_WARN_UNUSED_FUNCTION = YES;
				GCC_WARN_UNUSED_VARIABLE = YES;
				MACOSX_DEPLOYMENT_TARGET = 10.11;
				MTL_ENABLE_DEBUG_INFO = YES;
				ONLY_ACTIVE_ARCH = YES;
				SDKROOT = macosx;
				SWIFT_OPTIMIZATION_LEVEL = "-Onone";
			};
			name = Debug;
		};
		C6E1D8FA1D0FA80E007B7630 /* Release */ = {
			isa = XCBuildConfiguration;
			buildSettings = {
				ALWAYS_SEARCH_USER_PATHS = NO;
				CLANG_ANALYZER_NONNULL = YES;
				CLANG_CXX_LANGUAGE_STANDARD = "gnu++0x";
				CLANG_CXX_LIBRARY = "libc++";
				CLANG_ENABLE_MODULES = YES;
				CLANG_ENABLE_OBJC_ARC = YES;
				CLANG_WARN_BOOL_CONVERSION = YES;
				CLANG_WARN_CONSTANT_CONVERSION = YES;
				CLANG_WARN_DIRECT_OBJC_ISA_USAGE = YES_ERROR;
				CLANG_WARN_EMPTY_BODY = YES;
				CLANG_WARN_ENUM_CONVERSION = YES;
				CLANG_WARN_INT_CONVERSION = YES;
				CLANG_WARN_OBJC_ROOT_CLASS = YES_ERROR;
				CLANG_WARN_UNREACHABLE_CODE = YES;
				CLANG_WARN__DUPLICATE_METHOD_MATCH = YES;
				CODE_SIGN_IDENTITY = "-";
				COPY_PHASE_STRIP = NO;
				DEBUG_INFORMATION_FORMAT = "dwarf-with-dsym";
				ENABLE_NS_ASSERTIONS = NO;
				ENABLE_STRICT_OBJC_MSGSEND = YES;
				GCC_C_LANGUAGE_STANDARD = gnu99;
				GCC_NO_COMMON_BLOCKS = YES;
				GCC_WARN_64_TO_32_BIT_CONVERSION = YES;
				GCC_WARN_ABOUT_RETURN_TYPE = YES_ERROR;
				GCC_WARN_UNDECLARED_SELECTOR = YES;
				GCC_WARN_UNINITIALIZED_AUTOS = YES_AGGRESSIVE;
				GCC_WARN_UNUSED_FUNCTION = YES;
				GCC_WARN_UNUSED_VARIABLE = YES;
				MACOSX_DEPLOYMENT_TARGET = 10.11;
				MTL_ENABLE_DEBUG_INFO = NO;
				SDKROOT = macosx;
			};
			name = Release;
		};
		C6E1D8FC1D0FA80E007B7630 /* Debug */ = {
			isa = XCBuildConfiguration;
			buildSettings = {
				ASSETCATALOG_COMPILER_APPICON_NAME = AppIcon;
				COMBINE_HIDPI_IMAGES = YES;
				EMBEDDED_CONTENT_CONTAINS_SWIFT = YES;
				INFOPLIST_FILE = CocoaSkeleton/Info.plist;
				LD_RUNPATH_SEARCH_PATHS = "$(inherited) @executable_path/../Frameworks";
				PRODUCT_BUNDLE_IDENTIFIER = com.kornafeld.CocoaSkeleton;
				PRODUCT_NAME = "$(TARGET_NAME)";
			};
			name = Debug;
		};
		C6E1D8FD1D0FA80E007B7630 /* Release */ = {
			isa = XCBuildConfiguration;
			buildSettings = {
				ASSETCATALOG_COMPILER_APPICON_NAME = AppIcon;
				COMBINE_HIDPI_IMAGES = YES;
				EMBEDDED_CONTENT_CONTAINS_SWIFT = YES;
				INFOPLIST_FILE = CocoaSkeleton/Info.plist;
				LD_RUNPATH_SEARCH_PATHS = "$(inherited) @executable_path/../Frameworks";
				PRODUCT_BUNDLE_IDENTIFIER = com.kornafeld.CocoaSkeleton;
				PRODUCT_NAME = "$(TARGET_NAME)";
			};
			name = Release;
		};
/* End XCBuildConfiguration section */

/* Begin XCConfigurationList section */
		C6E1D8E71D0FA80D007B7630 /* Build configuration list for PBXProject "CocoaSkeleton" */ = {
			isa = XCConfigurationList;
			buildConfigurations = (
				C6E1D8F91D0FA80E007B7630 /* Debug */,
				C6E1D8FA1D0FA80E007B7630 /* Release */,
			);
			defaultConfigurationIsVisible = 0;
			defaultConfigurationName = Release;
		};
		C6E1D8FB1D0FA80E007B7630 /* Build configuration list for PBXNativeTarget "CocoaSkeleton" */ = {
			isa = XCConfigurationList;
			buildConfigurations = (
				C6E1D8FC1D0FA80E007B7630 /* Debug */,
				C6E1D8FD1D0FA80E007B7630 /* Release */,
			);
			defaultConfigurationIsVisible = 0;
			defaultConfigurationName = Release;
		};
/* End XCConfigurationList section */
	};
	rootObject = C6E1D8E41D0FA80D007B7630 /* Project object */;
}
